dependencies:
- name: ric-common
  repository: http://localhost:6873/
  version: 3.3.2
- name: extsvcplt
  repository: file://subcharts/extsvcplt
  version: 0.2.0
- name: docker-credential
  repository: file://./subcharts/docker-credential
  version: 1.0.0
- name: kong
  repository: file://./subcharts/kong
  version: 0.36.6
- name: certificate-manager
  repository: file://./subcharts/certificate-manager
  version: 0.1.0
- name: danm-networks
  repository: file://./subcharts/danm-networks
  version: 1.0.0
- name: prometheus
  repository: file://./subcharts/prometheus
  version: 11.3.0
digest: sha256:92ac4f652aa7051808664d315af5564881e97ab3e1de36df254bf96bb5184e6e
generated: "2023-04-26T11:52:33.500023625+05:30"
